Microsoft Visual Studio Solution File, Format Version 11.00
# Visual C++ Express 2010
Project("{8BC9CEB8-8B4A-11D0-8D11-00A0C91BC942}") = "Eco.TaskScheduler1Lab", "Eco.TaskScheduler1Lab.vcxproj", "{902ABA72-2D34-417B-B714-322CC761620F}"
EndProject
Project("{8BC9CEB8-8B4A-11D0-8D11-00A0C91BC942}") = "Eco.TaskScheduler1Lab.UnitTest", "..\..\..\UnitTest\Eco.TaskScheduler1Lab.UnitTest.vcxproj", "{7B8D9A2F-4C33-4F5F-8C6D-ABCD12345678}"
EndProject
Global
	GlobalSection(SolutionConfigurationPlatforms) = preSolution
		Debug|Win32 = Debug|Win32
		Release|Win32 = Release|Win32
	EndGlobalSection
	GlobalSection(ProjectConfigurationPlatforms) = postSolution
		{902ABA72-2D34-417B-B714-322CC761620F}.Debug|Win32.ActiveCfg = Debug|Win32
		{902ABA72-2D34-417B-B714-322CC761620F}.Debug|Win32.Build.0 = Debug|Win32
		{902ABA72-2D34-417B-B714-322CC761620F}.Release|Win32.ActiveCfg = Release|Win32
		{902ABA72-2D34-417B-B714-322CC761620F}.Release|Win32.Build.0 = Release|Win32
		{7B8D9A2F-4C33-4F5F-8C6D-ABCD12345678}.Debug|Win32.ActiveCfg = Debug|Win32
		{7B8D9A2F-4C33-4F5F-8C6D-ABCD12345678}.Debug|Win32.Build.0 = Debug|Win32
		{7B8D9A2F-4C33-4F5F-8C6D-ABCD12345678}.Release|Win32.ActiveCfg = Release|Win32
		{7B8D9A2F-4C33-4F5F-8C6D-ABCD12345678}.Release|Win32.Build.0 = Release|Win32
	EndGlobalSection
	GlobalSection(SolutionProperties) = preSolution
		HideSolutionNode = FALSE
	EndGlobalSection
EndGlobal
